{
  "name": "Benchmarking",
  "version": "1.0.0",
  "lockfileVersion": 3,
  "requires": true,
  "packages": {
    "": {
      "name": "Benchmarking",
      "version": "1.0.0",
      "dependencies": {
        "@noble/post-quantum": "^0.4.0",
        "@scintilla-network/signatures": "github:Scintilla-Network/signatures",
        "crystals-kyber-js": "^2.3.1",
        "hpke-js": "^1.6.2"
      }
    },
    "node_modules/@hpke/chacha20poly1305": {
      "version": "1.6.2",
      "resolved": "https://registry.npmjs.org/@hpke/chacha20poly1305/-/chacha20poly1305-1.6.2.tgz",
      "integrity": "sha512-LAzcHlX+GfrVqwjx+EqqHmEdkzE5YYIlzZz4Q1uN2Keq81iOB9IveJpufhsbyB1zw7W5/Y4gJ6dfAZq4gFO/sA==",
      "license": "MIT",
      "dependencies": {
        "@hpke/common": "^1.7.2",
        "@noble/ciphers": "^1.2.1"
      },
      "engines": {
        "node": ">=16.0.0"
      }
    },
    "node_modules/@hpke/common": {
      "version": "1.7.2",
      "resolved": "https://registry.npmjs.org/@hpke/common/-/common-1.7.2.tgz",
      "integrity": "sha512-x8wGc1S3ANyQpbTXxhDuzQwzZn9IDaOARpEq/QzDyWFBEhOFyN8mJd6oMnvFkxe0H96JFgIU6eI4G2aaNxgFJQ==",
      "license": "MIT",
      "engines": {
        "node": ">=16.0.0"
      }
    },
    "node_modules/@hpke/core": {
      "version": "1.7.2",
      "resolved": "https://registry.npmjs.org/@hpke/core/-/core-1.7.2.tgz",
      "integrity": "sha512-WPsy/Wp1oF+47EVfQdXG55TGS+rOKAAZJ4W/4BFnTENGGq/EAJeX1h0ooCarkqWrJsREsrpa4EiIZkz1m8hMOA==",
      "license": "MIT",
      "dependencies": {
        "@hpke/common": "^1.7.2"
      },
      "engines": {
        "node": ">=16.0.0"
      }
    },
    "node_modules/@hpke/dhkem-x25519": {
      "version": "1.6.2",
      "resolved": "https://registry.npmjs.org/@hpke/dhkem-x25519/-/dhkem-x25519-1.6.2.tgz",
      "integrity": "sha512-xL//FDIY0ai3/JZyr3UI/jaw8eLEcs+SU7Z9K5uxO8R4xzvwOfGajI4VE9GH+QXGMrHncQDLIDPX9pcdqkGSvQ==",
      "license": "MIT",
      "dependencies": {
        "@hpke/common": "^1.7.2",
        "@noble/curves": "^1.8.1",
        "@noble/hashes": "^1.7.1"
      },
      "engines": {
        "node": ">=16.0.0"
      }
    },
    "node_modules/@hpke/dhkem-x448": {
      "version": "1.6.2",
      "resolved": "https://registry.npmjs.org/@hpke/dhkem-x448/-/dhkem-x448-1.6.2.tgz",
      "integrity": "sha512-uA5DJczlkjpvfjHUvLTk9Ux7ET5ERnkFR0KxvdRHtArN72Bzf4MKVSB/9hqKB/rD+zx8oWIy9KHrlYxj+0DS7g==",
      "license": "MIT",
      "dependencies": {
        "@hpke/common": "^1.7.2",
        "@noble/curves": "^1.8.1",
        "@noble/hashes": "^1.7.1"
      },
      "engines": {
        "node": ">=16.0.0"
      }
    },
    "node_modules/@noble/ciphers": {
      "version": "1.2.1",
      "resolved": "https://registry.npmjs.org/@noble/ciphers/-/ciphers-1.2.1.tgz",
      "integrity": "sha512-rONPWMC7PeExE077uLE4oqWrZ1IvAfz3oH9LibVAcVCopJiA9R62uavnbEzdkVmJYI6M6Zgkbeb07+tWjlq2XA==",
      "license": "MIT",
      "engines": {
        "node": "^14.21.3 || >=16"
      },
      "funding": {
        "url": "https://paulmillr.com/funding/"
      }
    },
    "node_modules/@noble/curves": {
      "version": "1.8.1",
      "resolved": "https://registry.npmjs.org/@noble/curves/-/curves-1.8.1.tgz",
      "integrity": "sha512-warwspo+UYUPep0Q+vtdVB4Ugn8GGQj8iyB3gnRWsztmUHTI3S1nhdiWNsPUGL0vud7JlRRk1XEu7Lq1KGTnMQ==",
      "license": "MIT",
      "dependencies": {
        "@noble/hashes": "1.7.1"
      },
      "engines": {
        "node": "^14.21.3 || >=16"
      },
      "funding": {
        "url": "https://paulmillr.com/funding/"
      }
    },
    "node_modules/@noble/hashes": {
      "version": "1.7.1",
      "license": "MIT",
      "engines": {
        "node": "^14.21.3 || >=16"
      },
      "funding": {
        "url": "https://paulmillr.com/funding/"
      }
    },
    "node_modules/@noble/post-quantum": {
      "version": "0.4.0",
      "resolved": "https://registry.npmjs.org/@noble/post-quantum/-/post-quantum-0.4.0.tgz",
      "integrity": "sha512-pkTt+KEmgKWPo9/MbJtZRnX4AqNNZ5Ui6DwpKfr7WDSxP5b8pxf/SC1Nblzr8LHs+3gc+GEeUvq54u7zg1RHFw==",
      "license": "MIT",
      "dependencies": {
        "@noble/hashes": "1.7.1"
      },
      "funding": {
        "url": "https://paulmillr.com/funding/"
      }
    },
    "node_modules/@scintilla-network/signatures": {
      "version": "1.1.0",
      "resolved": "git+ssh://git@github.com/Scintilla-Network/signatures.git#8c6fd2812ebb40011ae10bd64cafaaed4d640403",
      "license": "MIT",
      "dependencies": {
        "@noble/curves": "1.8.1",
        "@noble/post-quantum": "0.4.0"
      },
      "engines": {
        "node": ">=18.0.0"
      }
    },
    "node_modules/crystals-kyber-js": {
      "version": "2.3.1",
      "resolved": "https://registry.npmjs.org/crystals-kyber-js/-/crystals-kyber-js-2.3.1.tgz",
      "integrity": "sha512-ANA5XaO5c7nSKq0N1u9mG5uhC9q1rl7MN83vEwkBo9LE+N99O4EcNl8EBbLaiQfemi8Xf7e7KyfqB0es0jQPGg==",
      "license": "MIT",
      "dependencies": {
        "@noble/hashes": "^1.7.1"
      },
      "engines": {
        "node": ">=16.0.0"
      }
    },
    "node_modules/hpke-js": {
      "version": "1.6.2",
      "resolved": "https://registry.npmjs.org/hpke-js/-/hpke-js-1.6.2.tgz",
      "integrity": "sha512-HllaSHiEEd9bZ9L0F0hFERSu2iAWDptkzVUqxra3lTapSPP8Bnyc6J9Viwn/oktPLBXOJpX57lfXSHYsh4HLag==",
      "license": "MIT",
      "dependencies": {
        "@hpke/chacha20poly1305": "^1.6.2",
        "@hpke/common": "^1.7.2",
        "@hpke/core": "^1.7.2",
        "@hpke/dhkem-x25519": "^1.6.2",
        "@hpke/dhkem-x448": "^1.6.2",
        "@noble/hashes": "^1.7.1"
      },
      "engines": {
        "node": ">=16.0.0"
      }
    }
  }
}
